
Microsoft Visual Studio Solution File, Format Version 12.00
# Visual Studio Version 17
VisualStudioVersion = 17.3.32811.315
MinimumVisualStudioVersion = 10.0.40219.1
Project("{FAE04EC0-301F-11D3-BF4B-00C04F79EFBC}") = "UrunStokKontolu", "UrunTakipTurkcell\UrunStokKontolu.csproj", "{8205FB6D-9648-48BE-8467-321C65B76254}"
EndProject
Global
	GlobalSection(SolutionConfigurationPlatforms) = preSolution
		Debug|Any CPU = Debug|Any CPU
		Release|Any CPU = Release|Any CPU
	EndGlobalSection
	GlobalSection(ProjectConfigurationPlatforms) = postSolution
		{8205FB6D-9648-48BE-8467-321C65B76254}.Debug|Any CPU.ActiveCfg = Debug|Any CPU
		{8205FB6D-9648-48BE-8467-321C65B76254}.Debug|Any CPU.Build.0 = Debug|Any CPU
		{8205FB6D-9648-48BE-8467-321C65B76254}.Release|Any CPU.ActiveCfg = Release|Any CPU
		{8205FB6D-9648-48BE-8467-321C65B76254}.Release|Any CPU.Build.0 = Release|Any CPU
	EndGlobalSection
	GlobalSection(SolutionProperties) = preSolution
		HideSolutionNode = FALSE
	EndGlobalSection
	GlobalSection(ExtensibilityGlobals) = postSolution
		SolutionGuid = {2A72C60F-0C3A-450B-859D-4CC8638099B9}
	EndGlobalSection
EndGlobal
